
Microsoft Visual Studio Solution File, Format Version 12.00
# Visual Studio Version 17
VisualStudioVersion = 17.4.33213.308
MinimumVisualStudioVersion = 10.0.40219.1
Project("{FAE04EC0-301F-11D3-BF4B-00C04F79EFBC}") = "MyAspNetCoreApp.Web", "MyAspNetCoreApp.Web\MyAspNetCoreApp.Web.csproj", "{5CA64A09-4DAF-48A9-984B-FCFD3900B5C0}"
EndProject
Global
	GlobalSection(SolutionConfigurationPlatforms) = preSolution
		Debug|Any CPU = Debug|Any CPU
		Release|Any CPU = Release|Any CPU
	EndGlobalSection
	GlobalSection(ProjectConfigurationPlatforms) = postSolution
		{5CA64A09-4DAF-48A9-984B-FCFD3900B5C0}.Debug|Any CPU.ActiveCfg = Debug|Any CPU
		{5CA64A09-4DAF-48A9-984B-FCFD3900B5C0}.Debug|Any CPU.Build.0 = Debug|Any CPU
		{5CA64A09-4DAF-48A9-984B-FCFD3900B5C0}.Release|Any CPU.ActiveCfg = Release|Any CPU
		{5CA64A09-4DAF-48A9-984B-FCFD3900B5C0}.Release|Any CPU.Build.0 = Release|Any CPU
	EndGlobalSection
	GlobalSection(SolutionProperties) = preSolution
		HideSolutionNode = FALSE
	EndGlobalSection
	GlobalSection(ExtensibilityGlobals) = postSolution
		SolutionGuid = {CCE40290-636F-4FF9-86B8-1434D487737A}
	EndGlobalSection
EndGlobal
